{
  "name": "login-app",
  "version": "0.0.0",
  "lockfileVersion": 1,
  "requires": true,
  "dependencies": {
    "@angular-devkit/build-angular": {
      "version": "0.6.8",
      "resolved": "https://registry.npmjs.org/@angular-devkit/build-angular/-/build-angular-0.6.8.tgz",
      "integrity": "sha512-VGqYAk8jpISraz2UHfsDre270NOUmV0CTSZw2p9sm5g/XIr5m+IHetFZz3gpoAr9+If2aFTs8Rt3sGdCRzwBqA==",
      "dev": true
    },
    "@angular/animations": {
      "version": "6.1.10",
      "resolved": "https://registry.npmjs.org/@angular/animations/-/animations-6.1.10.tgz",
      "integrity": "sha512-dd/lq7kw3uwfHPICan8psu2nthuUpp7PvMLuNIm0XxObZ4oNs0ls6uxKEDPnEkRKoGdiJpvmsyzZZN9ACMPEAA=="
    },
    "@angular/cli": {
      "version": "6.0.8",
      "resolved": "https://registry.npmjs.org/@angular/cli/-/cli-6.0.8.tgz",
      "integrity": "sha512-DhH1Zq5Yonthw6zh6W07fhf+9XrAZbD1fcQ0MrmbxlieCfLlTAdBqyK2LavFCKwSZkUMLF6UHM3+jiNRVZSSIg==",
      "dev": true,
      "dependencies": {
        "camelcase": {
          "version": "4.1.0",
          "resolved": "https://registry.npmjs.org/camelcase/-/camelcase-4.1.0.tgz",
          "integrity": "sha1-1UVjW+HjPFQmScaRc+Xeas+uNN0="
        },
        "opn": {
          "version": "5.3.0",
          "resolved": "https://registry.npmjs.org/opn/-/opn-5.3.0.tgz",
          "integrity": "sha512-bYJHo/LOmoTd+pfiYhfZDnf9zekVJrY+cnS2a5F2x+w5ppvTqObojTP7WiFG+kVZs9Inw+qQ/lw7TroWwhdd2g=="
        },
        "yargs-parser": {
          "version": "10.1.0",
          "resolved": "https://registry.npmjs.org/yargs-parser/-/yargs-parser-10.1.0.tgz",
          "integrity": "sha512-VCIyR1wJoEBZUqk5PA+oOBF6ypbwh5aNB3I50guxAL/quggdfs4TtNHQrSazFA3fYZ+tEqfs0zIGlv0c/rgjbQ=="
        }
      }
    },
    "@angular/common": {
      "version": "6.1.10",
      "resolved": "https://registry.npmjs.org/@angular/common/-/common-6.1.10.tgz",
      "integrity": "sha512-73xxTSYJNKfiJ7C1Ajg+sz5l8y+blb/vNgHYg7O3yem5zLBnfPpidJ1UGg4W4d2Y+jwUVJbZKh8SKJarqAJVUQ=="
    },
    "@angular/compiler": {
      "version": "6.1.10",
      "resolved": "https://registry.npmjs.org/@angular/compiler/-/compiler-6.1.10.tgz",
      "integrity": "sha512-FPIb2j3zfoBwb6vo/u0gQeu70h8InGlSisBr3xMACs/35/pwB6kbQR+JQiUr0D7k6QApg7AuMkvq8aFNelg0aw=="
    },
    "@angular/compiler-cli": {
      "version": "6.1.10",
      "resolved": "https://registry.npmjs.org/@angular/compiler-cli/-/compiler-cli-6.1.10.tgz",
      "integrity": "sha512-GCWdyeNQSnF4RfzO4A0+WHsNEgxKpl5arg4ldLSWMNkj/DrhMD4TnmxhR+IVY+7ieMkUBwpcuWRnjdOdnbmV+w==",
      "dev": true,
      "dependencies": {
        "anymatch": {
          "version": "1.3.2",
          "resolved": "https://registry.npmjs.org/anymatch/-/anymatch-1.3.2.tgz",
          "integrity": "sha512-0XNayC8lTHQ2OI8aljNCN3sSx6hsr/1+rlcDAotXJR7C1oZZHCNsfpbKwMjRA3Uqb5tF1Rae2oloTr4xpq+WjA=="
        },
        "arr-diff": {
          "version": "2.0.0",
          "resolved": "https://registry.npmjs.org/arr-diff/-/arr-diff-2.0.0.tgz",
          "integrity": "sha1-jzuCf5Vai9ZpaX5KQlasPOrjVs8="
        },
        "array-unique": {
          "version": "0.2.1",
          "resolved": "https://registry.npmjs.org/array-unique/-/array-unique-0.2.1.tgz",
          "integrity": "sha1-odl8yvy8JiXMcPrc6zalDFiwGlM="
        },
        "braces": {
          "version": "1.8.5",
          "resolved": "https://registry.npmjs.org/braces/-/braces-1.8.5.tgz",
          "integrity": "sha1-uneWLhLf+WnWt2cR6RS3N4V79qc="
        },
        "chokidar": {
          "version": "1.7.0",
          "resolved": "https://registry.npmjs.org/chokidar/-/chokidar-1.7.0.tgz",
          "integrity": "sha1-eY5ol3gVHIB2tLNg5e3SjNortGg="
        },
        "expand-brackets": {
          "version": "0.1.5",
          "resolved": "https://registry.npmjs.org/expand-brackets/-/expand-brackets-0.1.5.tgz",
          "integrity": "sha1-3wcoTjQqgHzXM6xa9yQR5YHRF3s="
        },
        "extglob": {
          "version": "0.3.2",
          "resolved": "https://registry.npmjs.org/extglob/-/extglob-0.3.2.tgz",
          "integrity": "sha1-Lhj/PS9JqydlzskCPwEdqo2DSaE="
        },
        "glob-parent": {
          "version": "2.0.0",
          "resolved": "https://registry.npmjs.org/glob-parent/-/glob-parent-2.0.0.tgz",
          "integrity": "sha1-gTg9ctsFT8zPUzbaqQLxgvbtuyg="
        },
        "is-extglob": {
          "version": "1.0.0",
          "resolved": "https://registry.npmjs.org/is-extglob/-/is-extglob-1.0.0.tgz",
          "integrity": "sha1-rEaBd8SUNAWgkvyPKXYMb/xiBsA="
        },
        "is-glob": {
          "version": "2.0.1",
          "resolved": "https://registry.npmjs.org/is-glob/-/is-glob-2.0.1.tgz",
          "integrity": "sha1-0Jb5JqPe1WAPP9/ZEZjLCIjC2GM="
        },
        "kind-of": {
          "version": "3.2.2",
          "resolved": "https://registry.npmjs.org/kind-of/-/kind-of-3.2.2.tgz",
          "integrity": "sha1-MeohpzS6ubuw8yRm2JOupR5KPGQ="
        },
        "micromatch": {
          "version": "2.3.11",
          "resolved": "https://registry.npmjs.org/micromatch/-/micromatch-2.3.11.tgz",
          "integrity": "sha1-hmd8l9FyCzY0MdBNDRUpO9OMFWU="
        },
        "normalize-path": {
          "version": "2.1.1",
          "resolved": "https://registry.npmjs.org/normalize-path/-/normalize-path-2.1.1.tgz",
          "integrity": "sha1-GrKLVW4Zg2Oowab35vogE3/mrtk="
        }
      }
    },
    "@angular/core": {
      "version": "6.1.10",
      "resolved": "https://registry.npmjs.org/@angular/core/-/core-6.1.10.tgz",
      "integrity": "sha512-61l3rIQTVdT45eOf6/fBJIeVmV10mcrxqS4N/1OWkuDT29YSJTZSxGcv8QjAyyutuhcqWWpO6gVRkN07rWmkPg=="
    },
    "@angular/forms": {
      "version": "6.1.10",
      "resolved": "https://registry.npmjs.org/@angular/forms/-/forms-6.1.10.tgz",
      "integrity": "sha512-zAPx2kMV1/FbP5DrY472Sd/ze1m+GS6T5ullZCtP392r62p2RkwzDCXieR51YiRJjZj3M6c3AcRND7PWBdXT7A=="
    },
    "@angular/http": {
      "version": "6.1.10",
      "resolved": "https://registry.npmjs.org/@angular/http/-/http-6.1.10.tgz",
      "integrity": "sha512-LDsSqyexh8fj23y+G2oSGLWSZVhbxBBo2ehYHnRgH/jlp0pmZVLRaGgUMNSCVtZc1rxLzpEjZjtw+P+qlutAtw=="
    },
    "@angular/language-service": {
      "version": "6.1.10",
      "resolved": "https://registry.npmjs.org/@angular/language-service/-/language-service-6.1.10.tgz",
      "integrity": "sha512-nN29Ovomg21eL8acwOSUFAYwWFI1TuFwUgUu37ZssfVQrYdaV+BFx3yv3P0nKU90h3Hp+oIkWHd8U34UYrvBCg==",
      "dev": true
    },
    "@angular/platform-browser": {
      "version": "6.1.10",
      "resolved": "https://registry.npmjs.org/@angular/platform-browser/-/platform-browser-6.1.10.tgz",
      "integrity": "sha512-CB7pqMwtgb7KjdHDAJlsXcs0rrU+2xQVaoOaqEfJtUrKhtGMLaZh8Qoic5l92SoGattkOw7SYarAOsWlAsVfvw=="
    },
    "@angular/platform-browser-dynamic": {
      "version": "6.1.10",
      "resolved": "https://registry.npmjs.org/@angular/platform-browser-dynamic/-/platform-browser-dynamic-6.1.10.tgz",
      "integrity": "sha512-DmBSUyFPoyKqkmBXyJ2CrP1oXDioeoBlPA8lmWUDUv2yBuoHIzIkdY/OkTZbdyu/QYa1hK2Jl9OlfoeoenKddg=="
    },
    "@angular/router": {
      "version": "6.1.10",
      "resolved": "https://registry.npmjs.org/@angular/router/-/router-6.1.10.tgz",
      "integrity": "sha512-tekI3dkdvd65oMoxjjgRA+16uDgPUBWHhYxids6pgO8vobZNtCo8VaVlcDyLUhdmtS5kONELx0iL5E2M0Y2Bag=="
    },
    "@types/jasmine": {
      "version": "2.8.16",
      "resolved": "https://registry.npmjs.org/@types/jasmine/-/jasmine-2.8.16.tgz",
      "integrity": "sha512-056oRlBBp7MDzr+HoU5su099s/s7wjZ3KcHxLfv+Byqb9MwdLUvsfLgw1VS97hsh3ddxSPyQu+olHMnoVTUY6g==",
      "dev": true
    },
    "@types/jasminewd2": {
      "version": "2.0.8",
      "resolved": "https://registry.npmjs.org/@types/jasminewd2/-/jasminewd2-2.0.8.tgz",
      "integrity": "sha512-d9p31r7Nxk0ZH0U39PTH0hiDlJ+qNVGjlt1ucOoTUptxb2v+Y5VMnsxfwN+i3hK4yQnqBi3FMmoMFcd1JHDxdg==",
      "dev": true
    },
    "@types/node": {
      "version": "8.9.5",
      "resolved": "https://registry.npmjs.org/@types/node/-/node-8.9.5.tgz",
      "integrity": "sha512-jRHfWsvyMtXdbhnz5CVHxaBgnV6duZnPlQuRSo/dm/GnmikNcmZhxIES4E9OZjUmQ8C+HCl4KJux+cXN/ErGDQ==",
      "dev": true
    },
    "bootstrap": {
      "version": "4.3.1",
      "resolved": "https://registry.npmjs.org/bootstrap/-/bootstrap-4.3.1.tgz",
      "integrity": "sha512-rXqOmH1VilAt2DyPzluTi2blhk17bO7ef+zLLPlWvG494pDxcM234pJ8wTc/6R40UWizAIIMgxjvxZg5kmsbag=="
    },
    "codelyzer": {
      "version": "4.2.1",
      "resolved": "https://registry.npmjs.org/codelyzer/-/codelyzer-4.2.1.tgz",
      "integrity": "sha512-CKwfgpfkqi9dyzy4s6ELaxJ54QgJ6A8iTSsM4bzHbLuTpbKncvNc3DUlCvpnkHBhK47gEf4qFsWoYqLrJPhy6g==",
      "dev": true
    },
    "core-js": {
      "version": "2.6.10",
      "resolved": "https://registry.npmjs.org/core-js/-/core-js-2.6.10.tgz",
      "integrity": "sha512-I39t74+4t+zau64EN1fE5v2W31Adtc/REhzWN+gWRRXg6WH5qAsZm62DHpQ1+Yhe4047T55jvzz7MUqF/dBBlA=="
    },
    "font-awesome": {
      "version": "4.7.0",
      "resolved": "https://registry.npmjs.org/font-awesome/-/font-awesome-4.7.0.tgz",
      "integrity": "sha1-j6jPBBGhoxr9B7BtKQK7n8gVoTM="
    },
    "jasmine-core": {
      "version": "2.99.1",
      "resolved": "https://registry.npmjs.org/jasmine-core/-/jasmine-core-2.99.1.tgz",
      "integrity": "sha1-5kAN8ea1bhMLYcS80JPap/boyhU=",
      "dev": true
    },
    "jasmine-spec-reporter": {
      "version": "4.2.1",
      "resolved": "https://registry.npmjs.org/jasmine-spec-reporter/-/jasmine-spec-reporter-4.2.1.tgz",
      "integrity": "sha512-FZBoZu7VE5nR7Nilzy+Np8KuVIOxF4oXDPDknehCYBDE080EnlPu0afdZNmpGDBRCUBv3mj5qgqCRmk6W/K8vg==",
      "dev": true
    },
    "jquery": {
      "version": "3.4.1",
      "resolved": "https://registry.npmjs.org/jquery/-/jquery-3.4.1.tgz",
      "integrity": "sha512-36+AdBzCL+y6qjw5Tx7HgzeGCzC81MDDgaUP8ld2zhx58HdqXGoBd+tHdrBMiyjGQs0Hxs/MLZTu/eHNJJuWPw=="
    },
    "karma": {
      "version": "1.7.1",
      "resolved": "https://registry.npmjs.org/karma/-/karma-1.7.1.tgz",
      "integrity": "sha512-k5pBjHDhmkdaUccnC7gE3mBzZjcxyxYsYVaqiL2G5AqlfLyBO5nw2VdNK+O16cveEPd/gIOWULH7gkiYYwVNHg==",
      "dev": true,
      "dependencies": {
        "anymatch": {
          "version": "1.3.2",
          "resolved": "https://registry.npmjs.org/anymatch/-/anymatch-1.3.2.tgz",
          "integrity": "sha512-0XNayC8lTHQ2OI8aljNCN3sSx6hsr/1+rlcDAotXJR7C1oZZHCNsfpbKwMjRA3Uqb5tF1Rae2oloTr4xpq+WjA=="
        },
        "arr-diff": {
          "version": "2.0.0",
          "resolved": "https://registry.npmjs.org/arr-diff/-/arr-diff-2.0.0.tgz",
          "integrity": "sha1-jzuCf5Vai9ZpaX5KQlasPOrjVs8="
        },
        "array-unique": {
          "version": "0.2.1",
          "resolved": "https://registry.npmjs.org/array-unique/-/array-unique-0.2.1.tgz",
          "integrity": "sha1-odl8yvy8JiXMcPrc6zalDFiwGlM="
        },
        "braces": {
          "version": "1.8.5",
          "resolved": "https://registry.npmjs.org/braces/-/braces-1.8.5.tgz",
          "integrity": "sha1-uneWLhLf+WnWt2cR6RS3N4V79qc="
        },
        "chokidar": {
          "version": "1.7.0",
          "resolved": "https://registry.npmjs.org/chokidar/-/chokidar-1.7.0.tgz",
          "integrity": "sha1-eY5ol3gVHIB2tLNg5e3SjNortGg="
        },
        "expand-brackets": {
          "version": "0.1.5",
          "resolved": "https://registry.npmjs.org/expand-brackets/-/expand-brackets-0.1.5.tgz",
          "integrity": "sha1-3wcoTjQqgHzXM6xa9yQR5YHRF3s="
        },
        "extglob": {
          "version": "0.3.2",
          "resolved": "https://registry.npmjs.org/extglob/-/extglob-0.3.2.tgz",
          "integrity": "sha1-Lhj/PS9JqydlzskCPwEdqo2DSaE="
        },
        "glob-parent": {
          "version": "2.0.0",
          "resolved": "https://registry.npmjs.org/glob-parent/-/glob-parent-2.0.0.tgz",
          "integrity": "sha1-gTg9ctsFT8zPUzbaqQLxgvbtuyg="
        },
        "is-extglob": {
          "version": "1.0.0",
          "resolved": "https://registry.npmjs.org/is-extglob/-/is-extglob-1.0.0.tgz",
          "integrity": "sha1-rEaBd8SUNAWgkvyPKXYMb/xiBsA="
        },
        "is-glob": {
          "version": "2.0.1",
          "resolved": "https://registry.npmjs.org/is-glob/-/is-glob-2.0.1.tgz",
          "integrity": "sha1-0Jb5JqPe1WAPP9/ZEZjLCIjC2GM="
        },
        "kind-of": {
          "version": "3.2.2",
          "resolved": "https://registry.npmjs.org/kind-of/-/kind-of-3.2.2.tgz",
          "integrity": "sha1-MeohpzS6ubuw8yRm2JOupR5KPGQ="
        },
        "lodash": {
          "version": "3.10.1",
          "resolved": "https://registry.npmjs.org/lodash/-/lodash-3.10.1.tgz",
          "integrity": "sha1-W/Rejkm6QYnhfUgnid/RW9FAt7Y="
        },
        "micromatch": {
          "version": "2.3.11",
          "resolved": "https://registry.npmjs.org/micromatch/-/micromatch-2.3.11.tgz",
          "integrity": "sha1-hmd8l9FyCzY0MdBNDRUpO9OMFWU="
        },
        "normalize-path": {
          "version": "2.1.1",
          "resolved": "https://registry.npmjs.org/normalize-path/-/normalize-path-2.1.1.tgz",
          "integrity": "sha1-GrKLVW4Zg2Oowab35vogE3/mrtk="
        }
      }
    },
    "karma-chrome-launcher": {
      "version": "2.2.0",
      "resolved": "https://registry.npmjs.org/karma-chrome-launcher/-/karma-chrome-launcher-2.2.0.tgz",
      "integrity": "sha512-uf/ZVpAabDBPvdPdveyk1EPgbnloPvFFGgmRhYLTDH7gEB4nZdSBk8yTU47w1g/drLSx5uMOkjKk7IWKfWg/+w==",
      "dev": true
    },
    "karma-coverage-istanbul-reporter": {
      "version": "1.4.3",
      "resolved": "https://registry.npmjs.org/karma-coverage-istanbul-reporter/-/karma-coverage-istanbul-reporter-1.4.3.tgz",
      "integrity": "sha1-O13/RmT6W41RlrmInj9hwforgNk=",
      "dev": true
    },
    "karma-jasmine": {
      "version": "1.1.2",
      "resolved": "https://registry.npmjs.org/karma-jasmine/-/karma-jasmine-1.1.2.tgz",
      "integrity": "sha1-OU8rJf+0pkS5rabyLUQ+L9CIhsM=",
      "dev": true
    },
    "karma-jasmine-html-reporter": {
      "version": "0.2.2",
      "resolved": "https://registry.npmjs.org/karma-jasmine-html-reporter/-/karma-jasmine-html-reporter-0.2.2.tgz",
      "integrity": "sha1-SKjl7xiAdhfuK14zwRlMNbQ5Ukw=",
      "dev": true
    },
    "protractor": {
      "version": "5.3.2",
      "resolved": "https://registry.npmjs.org/protractor/-/protractor-5.3.2.tgz",
      "integrity": "sha512-pw4uwwiy5lHZjIguxNpkEwJJa7hVz+bJsvaTI+IbXlfn2qXwzbF8eghW/RmrZwE2sGx82I8etb8lVjQ+JrjejA==",
      "dev": true,
      "dependencies": {
        "@types/node": {
          "version": "6.14.9",
          "resolved": "https://registry.npmjs.org/@types/node/-/node-6.14.9.tgz",
          "integrity": "sha512-leP/gxHunuazPdZaCvsCefPQxinqUDsCxCR5xaDUrY2MkYxQRFZZwU5e7GojyYsGB7QVtCi7iVEl/hoFXQYc+w=="
        },
        "adm-zip": {
          "version": "0.4.13",
          "resolved": "https://registry.npmjs.org/adm-zip/-/adm-zip-0.4.13.tgz",
          "integrity": "sha512-fERNJX8sOXfel6qCBCMPvZLzENBEhZTzKqg6vrOW5pvoEaQuJhRU4ndTAh6lHOxn1I6jnz2NHra56ZODM751uw=="
        },
        "ansi-styles": {
          "version": "2.2.1",
          "resolved": "https://registry.npmjs.org/ansi-styles/-/ansi-styles-2.2.1.tgz",
          "integrity": "sha1-tDLdM1i2NM914eRmQ2gkBTPB3b4="
        },
        "chalk": {
          "version": "1.1.3",
          "resolved": "https://registry.npmjs.org/chalk/-/chalk-1.1.3.tgz",
          "integrity": "sha1-qBFcVeSnAv5NFQq9OHKCKn4J/Jg="
        },
        "del": {
          "version": "2.2.2",
          "resolved": "https://registry.npmjs.org/del/-/del-2.2.2.tgz",
          "integrity": "sha1-wSyYHQZ4RshLyvhiz/kw2Qf/0ag="
        },
        "globby": {
          "version": "5.0.0",
          "resolved": "https://registry.npmjs.org/globby/-/globby-5.0.0.tgz",
          "integrity": "sha1-69hGZ8oNuzMLmbz8aOrCvFQ3Dg0="
        },
        "is-path-cwd": {
          "version": "1.0.0",
          "resolved": "https://registry.npmjs.org/is-path-cwd/-/is-path-cwd-1.0.0.tgz",
          "integrity": "sha1-0iXsIxMuie3Tj9p2dHLmLmXxEG0="
        },
        "is-path-in-cwd": {
          "version": "1.0.1",
          "resolved": "https://registry.npmjs.org/is-path-in-cwd/-/is-path-in-cwd-1.0.1.tgz",
          "integrity": "sha512-FjV1RTW48E7CWM7eE/J2NJvAEEVektecDBVBE5Hh3nM1Jd0kvhHtX68Pr3xsDf857xt3Y4AkwVULK1Vku62aaQ=="
        },
        "is-path-inside": {
          "version": "1.0.1",
          "resolved": "https://registry.npmjs.org/is-path-inside/-/is-path-inside-1.0.1.tgz",
          "integrity": "sha1-jvW33lBDej/cprToZe96pVy0gDY="
        },
        "pify": {
          "version": "2.3.0",
          "resolved": "https://registry.npmjs.org/pify/-/pify-2.3.0.tgz",
          "integrity": "sha1-7RQaasBDqEnqWISY59yosVMw6Qw="
        },
        "source-map-support": {
          "version": "0.4.18",
          "resolved": "https://registry.npmjs.org/source-map-support/-/source-map-support-0.4.18.tgz",
          "integrity": "sha512-try0/JqxPLF9nOjvSta7tVondkP5dwgyLDjVoyMDlmjugT2lRZ1OfsrYTkCd2hkDnJTKRbO/Rl3orm8vlsUzbA=="
        },
        "supports-color": {
          "version": "2.0.0",
          "resolved": "https://registry.npmjs.org/supports-color/-/supports-color-2.0.0.tgz",
          "integrity": "sha1-U10EXOa2Nj+kARcIRimZXp3zJMc="
        },
        "webdriver-manager": {
          "version": "12.1.7",
          "resolved": "https://registry.npmjs.org/webdriver-manager/-/webdriver-manager-12.1.7.tgz",
          "integrity": "sha512-XINj6b8CYuUYC93SG3xPkxlyUc3IJbD6Vvo75CVGuG9uzsefDzWQrhz0Lq8vbPxtb4d63CZdYophF8k8Or/YiA=="
        }
      }
    },
    "rxjs": {
      "version": "6.0.0",
      "resolved": "https://registry.npmjs.org/rxjs/-/rxjs-6.0.0.tgz",
      "integrity": "sha512-2MgLQr1zvks8+Kip4T6hcJdiBhV+SIvxguoWjhwtSpNPTp/5e09HJbgclCwR/nW0yWzhubM+6Q0prl8G5RuoBA=="
    },
    "ts-node": {
      "version": "5.0.1",
      "resolved": "https://registry.npmjs.org/ts-node/-/ts-node-5.0.1.tgz",
      "integrity": "sha512-XK7QmDcNHVmZkVtkiwNDWiERRHPyU8nBqZB1+iv2UhOG0q3RQ9HsZ2CMqISlFbxjrYFGfG2mX7bW4dAyxBVzUw==",
      "dev": true,
      "dependencies": {
        "chalk": {
          "version": "2.4.2",
          "resolved": "https://registry.npmjs.org/chalk/-/chalk-2.4.2.tgz",
          "integrity": "sha512-Mti+f9lpJNcwF4tWV8/OrTTtF1gZi+f8FqlyAdouralcFWFQWF2+NgCHShjkCb+IFBLq9buZwE1xckQU4peSuQ=="
        }
      }
    },
    "tslint": {
      "version": "5.9.1",
      "resolved": "https://registry.npmjs.org/tslint/-/tslint-5.9.1.tgz",
      "integrity": "sha1-ElX4ej/1frCw4fDmEKi0dIBGya4=",
      "dev": true,
      "dependencies": {
        "chalk": {
          "version": "2.4.2",
          "resolved": "https://registry.npmjs.org/chalk/-/chalk-2.4.2.tgz",
          "integrity": "sha512-Mti+f9lpJNcwF4tWV8/OrTTtF1gZi+f8FqlyAdouralcFWFQWF2+NgCHShjkCb+IFBLq9buZwE1xckQU4peSuQ=="
        }
      }
    },
    "typescript": {
      "version": "2.7.2",
      "resolved": "https://registry.npmjs.org/typescript/-/typescript-2.7.2.tgz",
      "integrity": "sha512-p5TCYZDAO0m4G344hD+wx/LATebLWZNkkh2asWUFqSsD2OrDNhbAHuSjobrmsUmdzjJjEeZVU9g1h3O6vpstnw==",
      "dev": true
    },
    "zone.js": {
      "version": "0.8.29",
      "resolved": "https://registry.npmjs.org/zone.js/-/zone.js-0.8.29.tgz",
      "integrity": "sha512-mla2acNCMkWXBD+c+yeUrBUrzOxYMNFdQ6FGfigGGtEVBPJx07BQeJekjt9DmH1FtZek4E9rE1eRR9qQpxACOQ=="
    }
  }
}
